{
  "name": "@tecace/ace-cli",
  "version": "1.0.0",
  "lockfileVersion": 3,
  "requires": true,
  "packages": {
    "": {
      "name": "@tecace/ace-cli",
      "version": "1.0.0",
      "license": "MIT",
      "dependencies": {
        "import-local": "^3.1.0"
      },
      "devDependencies": {
        "@types/import-local": "^3.1.0"
      }
    },
    "../../node_modules/.pnpm/@types+import-local@3.1.0/node_modules/@types/import-local": {
      "version": "3.1.0",
      "dev": true,
      "license": "MIT"
    },
    "../../node_modules/.pnpm/import-local@3.1.0/node_modules/import-local": {
      "version": "3.1.0",
      "license": "MIT",
      "dependencies": {
        "pkg-dir": "^4.2.0",
        "resolve-cwd": "^3.0.0"
      },
      "bin": {
        "import-local-fixture": "fixtures/cli.js"
      },
      "devDependencies": {
        "ava": "2.1.0",
        "cpy": "^7.0.1",
        "del": "^4.1.1",
        "execa": "^2.0.1",
        "xo": "^0.24.0"
      },
      "engines": {
        "node": ">=8"
      },
      "funding": {
        "url": "https://github.com/sponsors/sindresorhus"
      }
    },
    "node_modules/@types/import-local": {
      "resolved": "../../node_modules/.pnpm/@types+import-local@3.1.0/node_modules/@types/import-local",
      "link": true
    },
    "node_modules/import-local": {
      "resolved": "../../node_modules/.pnpm/import-local@3.1.0/node_modules/import-local",
      "link": true
    }
  }
}
